
Microsoft Visual Studio Solution File, Format Version 12.00
# Visual Studio Version 17
VisualStudioVersion = 17.10.35013.160
MinimumVisualStudioVersion = 10.0.40219.1
Project("{9A19103F-16F7-4668-BE54-9A1E7A4F7556}") = "BackendTesting", "BackendTesting\BackendTesting.csproj", "{5990EAD5-41BE-4104-BEEA-1A95252B7519}"
EndProject
Project("{E53339B2-1760-4266-BCC7-CA923CBCF16C}") = "docker-compose", "docker-compose.dcproj", "{6A4C9F52-7DC4-4AAE-BCEE-BC0250CFEED7}"
EndProject
Global
	GlobalSection(SolutionConfigurationPlatforms) = preSolution
		Debug|Any CPU = Debug|Any CPU
		Release|Any CPU = Release|Any CPU
	EndGlobalSection
	GlobalSection(ProjectConfigurationPlatforms) = postSolution
		{5990EAD5-41BE-4104-BEEA-1A95252B7519}.Debug|Any CPU.ActiveCfg = Debug|Any CPU
		{5990EAD5-41BE-4104-BEEA-1A95252B7519}.Debug|Any CPU.Build.0 = Debug|Any CPU
		{5990EAD5-41BE-4104-BEEA-1A95252B7519}.Release|Any CPU.ActiveCfg = Release|Any CPU
		{5990EAD5-41BE-4104-BEEA-1A95252B7519}.Release|Any CPU.Build.0 = Release|Any CPU
		{6A4C9F52-7DC4-4AAE-BCEE-BC0250CFEED7}.Debug|Any CPU.ActiveCfg = Debug|Any CPU
		{6A4C9F52-7DC4-4AAE-BCEE-BC0250CFEED7}.Debug|Any CPU.Build.0 = Debug|Any CPU
		{6A4C9F52-7DC4-4AAE-BCEE-BC0250CFEED7}.Release|Any CPU.ActiveCfg = Release|Any CPU
		{6A4C9F52-7DC4-4AAE-BCEE-BC0250CFEED7}.Release|Any CPU.Build.0 = Release|Any CPU
	EndGlobalSection
	GlobalSection(SolutionProperties) = preSolution
		HideSolutionNode = FALSE
	EndGlobalSection
	GlobalSection(ExtensibilityGlobals) = postSolution
		SolutionGuid = {6F142AF8-1994-4E46-B443-0703B3AFE77F}
	EndGlobalSection
EndGlobal
