Microsoft Visual Studio Solution File, Format Version 12.00
# Visual Studio Version 17
VisualStudioVersion = 17.5.2.0
MinimumVisualStudioVersion = 10.0.40219.1
Project("{FAE04EC0-301F-11D3-BF4B-00C04F79EFBC}") = "BackendTesting", "BackendTesting.csproj", "{DA7D0E60-59B4-C685-2EA0-25D51D79F9BD}"
EndProject
Global
	GlobalSection(SolutionConfigurationPlatforms) = preSolution
		Debug|Any CPU = Debug|Any CPU
		Release|Any CPU = Release|Any CPU
	EndGlobalSection
	GlobalSection(ProjectConfigurationPlatforms) = postSolution
		{DA7D0E60-59B4-C685-2EA0-25D51D79F9BD}.Debug|Any CPU.ActiveCfg = Debug|Any CPU
		{DA7D0E60-59B4-C685-2EA0-25D51D79F9BD}.Debug|Any CPU.Build.0 = Debug|Any CPU
		{DA7D0E60-59B4-C685-2EA0-25D51D79F9BD}.Release|Any CPU.ActiveCfg = Release|Any CPU
		{DA7D0E60-59B4-C685-2EA0-25D51D79F9BD}.Release|Any CPU.Build.0 = Release|Any CPU
	EndGlobalSection
	GlobalSection(SolutionProperties) = preSolution
		HideSolutionNode = FALSE
	EndGlobalSection
	GlobalSection(ExtensibilityGlobals) = postSolution
		SolutionGuid = {82FBB433-1C85-41DA-AB8F-E276F2992201}
	EndGlobalSection
EndGlobal
